
Microsoft Visual Studio Solution File, Format Version 12.00
# Visual Studio Version 17
VisualStudioVersion = 17.13.35919.96 d17.13
MinimumVisualStudioVersion = 10.0.40219.1
Project("{FAE04EC0-301F-11D3-BF4B-00C04F79EFBC}") = "MuroAaron_BSIT2D", "MuroAaron_BSIT2D\MuroAaron_BSIT2D.csproj", "{0F376207-BECE-4B8C-9E0E-543B0C56C17E}"
EndProject
Global
	GlobalSection(SolutionConfigurationPlatforms) = preSolution
		Debug|Any CPU = Debug|Any CPU
		Release|Any CPU = Release|Any CPU
	EndGlobalSection
	GlobalSection(ProjectConfigurationPlatforms) = postSolution
		{0F376207-BECE-4B8C-9E0E-543B0C56C17E}.Debug|Any CPU.ActiveCfg = Debug|Any CPU
		{0F376207-BECE-4B8C-9E0E-543B0C56C17E}.Debug|Any CPU.Build.0 = Debug|Any CPU
		{0F376207-BECE-4B8C-9E0E-543B0C56C17E}.Release|Any CPU.ActiveCfg = Release|Any CPU
		{0F376207-BECE-4B8C-9E0E-543B0C56C17E}.Release|Any CPU.Build.0 = Release|Any CPU
	EndGlobalSection
	GlobalSection(SolutionProperties) = preSolution
		HideSolutionNode = FALSE
	EndGlobalSection
	GlobalSection(ExtensibilityGlobals) = postSolution
		SolutionGuid = {E4774C36-26DF-481E-A484-D7D227C7839A}
	EndGlobalSection
EndGlobal
